
Microsoft Visual Studio Solution File, Format Version 12.00
# Visual Studio Version 17
VisualStudioVersion = 17.7.34202.233
MinimumVisualStudioVersion = 10.0.40219.1
Project("{FAE04EC0-301F-11D3-BF4B-00C04F79EFBC}") = "Calculadora 2.0", "Calculadora 2.0.csproj", "{BE156C68-6AA3-4DE3-B5DD-C4382F2846AA}"
EndProject
Global
	GlobalSection(SolutionConfigurationPlatforms) = preSolution
		Debug|Any CPU = Debug|Any CPU
		Release|Any CPU = Release|Any CPU
	EndGlobalSection
	GlobalSection(ProjectConfigurationPlatforms) = postSolution
		{BE156C68-6AA3-4DE3-B5DD-C4382F2846AA}.Debug|Any CPU.ActiveCfg = Debug|Any CPU
		{BE156C68-6AA3-4DE3-B5DD-C4382F2846AA}.Debug|Any CPU.Build.0 = Debug|Any CPU
		{BE156C68-6AA3-4DE3-B5DD-C4382F2846AA}.Release|Any CPU.ActiveCfg = Release|Any CPU
		{BE156C68-6AA3-4DE3-B5DD-C4382F2846AA}.Release|Any CPU.Build.0 = Release|Any CPU
	EndGlobalSection
	GlobalSection(SolutionProperties) = preSolution
		HideSolutionNode = FALSE
	EndGlobalSection
	GlobalSection(ExtensibilityGlobals) = postSolution
		SolutionGuid = {9F5B9D55-48E1-4E4D-9E52-F24F2BC31348}
	EndGlobalSection
EndGlobal
