
Microsoft Visual Studio Solution File, Format Version 12.00
# Visual Studio Version 17
VisualStudioVersion = 17.7.34202.233
MinimumVisualStudioVersion = 10.0.40219.1
Project("{FAE04EC0-301F-11D3-BF4B-00C04F79EFBC}") = "Calculadora 1.0", "Calculadora 1.0.csproj", "{32BB3B35-D9B3-412D-8297-BAD0E41740FC}"
EndProject
Project("{FAE04EC0-301F-11D3-BF4B-00C04F79EFBC}") = "Calculadora 2.0", "..\Projeto 2\Calculadora 2.0.csproj", "{BE156C68-6AA3-4DE3-B5DD-C4382F2846AA}"
EndProject
Project("{FAE04EC0-301F-11D3-BF4B-00C04F79EFBC}") = "Calculadora 3.0", "..\Projeto 3\Calculadora 3.0.csproj", "{A92D842D-E0FB-49C4-90BB-BE579D4C76A0}"
EndProject
Global
	GlobalSection(SolutionConfigurationPlatforms) = preSolution
		Debug|Any CPU = Debug|Any CPU
		Release|Any CPU = Release|Any CPU
	EndGlobalSection
	GlobalSection(ProjectConfigurationPlatforms) = postSolution
		{32BB3B35-D9B3-412D-8297-BAD0E41740FC}.Debug|Any CPU.ActiveCfg = Debug|Any CPU
		{32BB3B35-D9B3-412D-8297-BAD0E41740FC}.Debug|Any CPU.Build.0 = Debug|Any CPU
		{32BB3B35-D9B3-412D-8297-BAD0E41740FC}.Release|Any CPU.ActiveCfg = Release|Any CPU
		{32BB3B35-D9B3-412D-8297-BAD0E41740FC}.Release|Any CPU.Build.0 = Release|Any CPU
		{BE156C68-6AA3-4DE3-B5DD-C4382F2846AA}.Debug|Any CPU.ActiveCfg = Debug|Any CPU
		{BE156C68-6AA3-4DE3-B5DD-C4382F2846AA}.Debug|Any CPU.Build.0 = Debug|Any CPU
		{BE156C68-6AA3-4DE3-B5DD-C4382F2846AA}.Release|Any CPU.ActiveCfg = Release|Any CPU
		{BE156C68-6AA3-4DE3-B5DD-C4382F2846AA}.Release|Any CPU.Build.0 = Release|Any CPU
		{A92D842D-E0FB-49C4-90BB-BE579D4C76A0}.Debug|Any CPU.ActiveCfg = Debug|Any CPU
		{A92D842D-E0FB-49C4-90BB-BE579D4C76A0}.Debug|Any CPU.Build.0 = Debug|Any CPU
		{A92D842D-E0FB-49C4-90BB-BE579D4C76A0}.Release|Any CPU.ActiveCfg = Release|Any CPU
		{A92D842D-E0FB-49C4-90BB-BE579D4C76A0}.Release|Any CPU.Build.0 = Release|Any CPU
	EndGlobalSection
	GlobalSection(SolutionProperties) = preSolution
		HideSolutionNode = FALSE
	EndGlobalSection
	GlobalSection(ExtensibilityGlobals) = postSolution
		SolutionGuid = {6E06A6E5-2A5D-4ADC-8F76-09B00277C0AF}
	EndGlobalSection
EndGlobal
